// !$*UTF8*$!
{
	archiveVersion = 1;
	classes = {
	};
	objectVersion = 46;
	objects = {

/* Begin PBXBuildFile section */
		000DFD94F3BE4895B3EBD1FF /* ELCAlbumPickerController.xib in Resources */ = {isa = PBXBuildFile; fileRef = FD82747CFFD34A2EBA894272 /* ELCAlbumPickerController.xib */; };
		0207DA581B56EA530066E2B4 /* Images.xcassets in Resources */ = {isa = PBXBuildFile; fileRef = 0207DA571B56EA530066E2B4 /* Images.xcassets */; };
		022FE90CD6EA4B8DAE1D72F0 /* ELCAlbumPickerController.m in Sources */ = {isa = PBXBuildFile; fileRef = 36C8D25D84ED43C98E9191E7 /* ELCAlbumPickerController.m */; };
		082D14A7ABD349C0AF81B7BF /* SOSPicker.m in Sources */ = {isa = PBXBuildFile; fileRef = 480283C5AB65474CB6C2481C /* SOSPicker.m */; };
		1D3623260D0F684500981E51 /* AppDelegate.m in Sources */ = {isa = PBXBuildFile; fileRef = 1D3623250D0F684500981E51 /* AppDelegate.m */; };
		1D60589B0D05DD56006BFB54 /* main.m in Sources */ = {isa = PBXBuildFile; fileRef = 29B97316FDCFA39411CA2CEA /* main.m */; };
		2D20FF92102A4F5A8F1C0F28 /* ELCAsset.m in Sources */ = {isa = PBXBuildFile; fileRef = C9714A197A1341ECB92E8F1C /* ELCAsset.m */; };
		301BF552109A68D80062928A /* libCordova.a in Frameworks */ = {isa = PBXBuildFile; fileRef = 301BF535109A57CC0062928A /* libCordova.a */; };
		302D95F114D2391D003F00A1 /* MainViewController.m in Sources */ = {isa = PBXBuildFile; fileRef = 302D95EF14D2391D003F00A1 /* MainViewController.m */; };
		302D95F214D2391D003F00A1 /* MainViewController.xib in Resources */ = {isa = PBXBuildFile; fileRef = 302D95F014D2391D003F00A1 /* MainViewController.xib */; };
		33DA83C6D8914A3996B9F387 /* Overlay.png in Resources */ = {isa = PBXBuildFile; fileRef = EF732908F0A74524AA164D9A /* Overlay.png */; };
		4D9F64010C7C4995B03F19F1 /* APPLocalNotificationOptions.m in Sources */ = {isa = PBXBuildFile; fileRef = 334B7F751E384E2F86D54F23 /* APPLocalNotificationOptions.m */; };
		52D8A41EC7134E8D9FBA4D1F /* ELCAssetPicker.xib in Resources */ = {isa = PBXBuildFile; fileRef = 7C700D4795FA49A995C07801 /* ELCAssetPicker.xib */; };
		5408F8336D5747089D98D750 /* Toast.m in Sources */ = {isa = PBXBuildFile; fileRef = 0DF4223ADD8D4188B4EC310D /* Toast.m */; };
		5F44F22C465F446AA8177DA2 /* UILocalNotification+APPLocalNotification.m in Sources */ = {isa = PBXBuildFile; fileRef = 7E58F24A80FA47D88ADE069C /* UILocalNotification+APPLocalNotification.m */; };
		6BFF98A9F1EA48D39D131EF9 /* UIApplication+APPLocalNotification.m in Sources */ = {isa = PBXBuildFile; fileRef = 8A1BAEAFD63C445CBBBA6AA3 /* UIApplication+APPLocalNotification.m */; };
		7331134B8EB64AD4ACE32FE6 /* AVFoundation.framework in Frameworks */ = {isa = PBXBuildFile; fileRef = D1124586104E48D68F73D0CA /* AVFoundation.framework */; };
		7356727E2CD24EBBA514D27A /* CDVPlugin+APPAppEvent.m in Sources */ = {isa = PBXBuildFile; fileRef = F8168CFB0A1F4845B5E697F0 /* CDVPlugin+APPAppEvent.m */; };
		876305085FB341A5B7F2966C /* CDVJpegHeaderWriter.m in Sources */ = {isa = PBXBuildFile; fileRef = 667058C4F0A0458F8B95AC29 /* CDVJpegHeaderWriter.m */; };
		8DFADC5F73294624ADA126EF /* CoreLocation.framework in Frameworks */ = {isa = PBXBuildFile; fileRef = 7F7CE1CF6DD744C5812779A1 /* CoreLocation.framework */; };
		8F0394C3EBAA4CAEB464AF20 /* CDVDevice.m in Sources */ = {isa = PBXBuildFile; fileRef = 87F791E86F1D48FCB0A2FAD5 /* CDVDevice.m */; };
		990292BD48A943C4BB9DFDB8 /* ELCAssetCell.m in Sources */ = {isa = PBXBuildFile; fileRef = 63C94CF5591243CB9130D359 /* ELCAssetCell.m */; };
		9C0DA4BFC0724B779CF67E22 /* ELCAssetTablePicker.xib in Resources */ = {isa = PBXBuildFile; fileRef = 46D82474F9AD4104822B5C8C /* ELCAssetTablePicker.xib */; };
		A28D8495A4754291BF18C618 /* CDVCamera.m in Sources */ = {isa = PBXBuildFile; fileRef = BCCE250039574CA98FC1F489 /* CDVCamera.m */; };
		A612EC20B71C48DFA4E53DE8 /* ELCAssetTablePicker.m in Sources */ = {isa = PBXBuildFile; fileRef = 1D5C3AD4D0924DAC872A4C16 /* ELCAssetTablePicker.m */; };
		A73989C24FA9473FB90FD20B /* APPLocalNotification.m in Sources */ = {isa = PBXBuildFile; fileRef = 928D0933073D47509958D4AC /* APPLocalNotification.m */; };
		B6A4931044FF4D0B976D48B0 /* AudioToolbox.framework in Frameworks */ = {isa = PBXBuildFile; fileRef = BFEF54C052F045B2B704F79A /* AudioToolbox.framework */; settings = {ATTRIBUTES = (Weak, ); }; };
		B7C18C50F8D24B5FA8952321 /* ImageIO.framework in Frameworks */ = {isa = PBXBuildFile; fileRef = 4A3C3C7D363543CB9C83533E /* ImageIO.framework */; settings = {ATTRIBUTES = (Weak, ); }; };
		C40E2D60174448C386D74570 /* CDVViewController+SplashScreen.m in Sources */ = {isa = PBXBuildFile; fileRef = 5893F514B1334555A923FBCB /* CDVViewController+SplashScreen.m */; };
		C5C3A5864C354873934003D2 /* QuartzCore.framework in Frameworks */ = {isa = PBXBuildFile; fileRef = 0283D800588142948FEB5061 /* QuartzCore.framework */; };
		CAAC195E122D4A28AEE3D43A /* CDVSplashScreen.m in Sources */ = {isa = PBXBuildFile; fileRef = 22E6689BDCAD443D8C96FE42 /* CDVSplashScreen.m */; };
		CC4DA812BF9F4BD09B13BA75 /* Toast+UIView.m in Sources */ = {isa = PBXBuildFile; fileRef = 4CE74CB7CBC84EDEA6938800 /* Toast+UIView.m */; };
		CC6080082B184853B64A4284 /* Overlay@2x.png in Resources */ = {isa = PBXBuildFile; fileRef = E177299B94C5464D9DB3D252 /* Overlay@2x.png */; };
		CCE0DD00D2BE405181C41058 /* ELCImagePickerController.m in Sources */ = {isa = PBXBuildFile; fileRef = 89FDE27F17004B5CBD069990 /* ELCImagePickerController.m */; };
		CEB5D53D73E24B699B1B039C /* AppDelegate+APPAppEvent.m in Sources */ = {isa = PBXBuildFile; fileRef = 7F98C270CC73413E8207B5F2 /* AppDelegate+APPAppEvent.m */; };
		E7FC6E5B735F494688B036DD /* CDVVibration.m in Sources */ = {isa = PBXBuildFile; fileRef = A8A9D8C7ED4949C396156A4B /* CDVVibration.m */; };
		FB450018108E4401A808B32D /* UIImage+CropScaleOrientation.m in Sources */ = {isa = PBXBuildFile; fileRef = B090C28F0CC74D90987C3879 /* UIImage+CropScaleOrientation.m */; };
/* End PBXBuildFile section */

/* Begin PBXContainerItemProxy section */
		301BF534109A57CC0062928A /* PBXContainerItemProxy */ = {
			isa = PBXContainerItemProxy;
			containerPortal = 301BF52D109A57CC0062928A /* CordovaLib.xcodeproj */;
			proxyType = 2;
			remoteGlobalIDString = D2AAC07E0554694100DB518D;
			remoteInfo = CordovaLib;
		};
		301BF550109A68C00062928A /* PBXContainerItemProxy */ = {
			isa = PBXContainerItemProxy;
			containerPortal = 301BF52D109A57CC0062928A /* CordovaLib.xcodeproj */;
			proxyType = 1;
			remoteGlobalIDString = D2AAC07D0554694100DB518D;
			remoteInfo = CordovaLib;
		};
/* End PBXContainerItemProxy section */

/* Begin PBXFileReference section */
		0207DA571B56EA530066E2B4 /* Images.xcassets */ = {isa = PBXFileReference; lastKnownFileType = folder.assetcatalog; name = Images.xcassets; path = conFusion/Images.xcassets; sourceTree = SOURCE_ROOT; };
		0283D800588142948FEB5061 /* QuartzCore.framework */ = {isa = PBXFileReference; explicitFileType = undefined; fileEncoding = 9; includeInIndex = 0; lastKnownFileType = wrapper.framework; name = QuartzCore.framework; path = System/Library/Frameworks/QuartzCore.framework; sourceTree = SDKROOT; };
		038D67A3D01D463993AD38C1 /* ELCAssetTablePicker.h */ = {isa = PBXFileReference; explicitFileType = undefined; fileEncoding = 4; includeInIndex = 0; lastKnownFileType = sourcecode.c.h; name = ELCAssetTablePicker.h; path = com.synconset.imagepicker/ELCAssetTablePicker.h; sourceTree = "<group>"; };
		048D06DDB037455BAD6826FD /* ELCAssetPickerFilterDelegate.h */ = {isa = PBXFileReference; explicitFileType = undefined; fileEncoding = 4; includeInIndex = 0; lastKnownFileType = sourcecode.c.h; name = ELCAssetPickerFilterDelegate.h; path = com.synconset.imagepicker/ELCAssetPickerFilterDelegate.h; sourceTree = "<group>"; };
		064CB97E39B34D4DA9E08BF9 /* ELCImagePickerController.h */ = {isa = PBXFileReference; explicitFileType = undefined; fileEncoding = 4; includeInIndex = 0; lastKnownFileType = sourcecode.c.h; name = ELCImagePickerController.h; path = com.synconset.imagepicker/ELCImagePickerController.h; sourceTree = "<group>"; };
		0DF4223ADD8D4188B4EC310D /* Toast.m */ = {isa = PBXFileReference; explicitFileType = undefined; fileEncoding = 4; includeInIndex = 0; lastKnownFileType = sourcecode.c.objc; name = Toast.m; path = "cordova-plugin-x-toast/Toast.m"; sourceTree = "<group>"; };
		18D46CA0B20342D0B977A123 /* CDVCamera.h */ = {isa = PBXFileReference; explicitFileType = undefined; fileEncoding = 4; includeInIndex = 0; lastKnownFileType = sourcecode.c.h; name = CDVCamera.h; path = "cordova-plugin-camera/CDVCamera.h"; sourceTree = "<group>"; };
		1D3623240D0F684500981E51 /* AppDelegate.h */ = {isa = PBXFileReference; fileEncoding = 4; lastKnownFileType = sourcecode.c.h; path = AppDelegate.h; sourceTree = "<group>"; };
		1D3623250D0F684500981E51 /* AppDelegate.m */ = {isa = PBXFileReference; fileEncoding = 4; lastKnownFileType = sourcecode.c.objc; path = AppDelegate.m; sourceTree = "<group>"; };
		1D5C3AD4D0924DAC872A4C16 /* ELCAssetTablePicker.m */ = {isa = PBXFileReference; explicitFileType = undefined; fileEncoding = 4; includeInIndex = 0; lastKnownFileType = sourcecode.c.objc; name = ELCAssetTablePicker.m; path = com.synconset.imagepicker/ELCAssetTablePicker.m; sourceTree = "<group>"; };
		1D6058910D05DD3D006BFB54 /* conFusion.app */ = {isa = PBXFileReference; explicitFileType = wrapper.application; includeInIndex = 0; path = conFusion.app; sourceTree = BUILT_PRODUCTS_DIR; };
		217C73AB85FF414684F350DD /* APPLocalNotification.h */ = {isa = PBXFileReference; explicitFileType = undefined; fileEncoding = 4; includeInIndex = 0; lastKnownFileType = sourcecode.c.h; name = APPLocalNotification.h; path = "de.appplant.cordova.plugin.local-notification/APPLocalNotification.h"; sourceTree = "<group>"; };
		22E6689BDCAD443D8C96FE42 /* CDVSplashScreen.m */ = {isa = PBXFileReference; explicitFileType = undefined; fileEncoding = 4; includeInIndex = 0; lastKnownFileType = sourcecode.c.objc; name = CDVSplashScreen.m; path = "cordova-plugin-splashscreen/CDVSplashScreen.m"; sourceTree = "<group>"; };
		29B97316FDCFA39411CA2CEA /* main.m */ = {isa = PBXFileReference; fileEncoding = 4; lastKnownFileType = sourcecode.c.objc; path = main.m; sourceTree = "<group>"; };
		301BF52D109A57CC0062928A /* CordovaLib.xcodeproj */ = {isa = PBXFileReference; lastKnownFileType = "wrapper.pb-project"; name = CordovaLib.xcodeproj; path = CordovaLib/CordovaLib.xcodeproj; sourceTree = "<group>"; };
		301BF56E109A69640062928A /* www */ = {isa = PBXFileReference; lastKnownFileType = folder; path = www; sourceTree = SOURCE_ROOT; };
		302D95EE14D2391D003F00A1 /* MainViewController.h */ = {isa = PBXFileReference; fileEncoding = 4; lastKnownFileType = sourcecode.c.h; path = MainViewController.h; sourceTree = "<group>"; };
		302D95EF14D2391D003F00A1 /* MainViewController.m */ = {isa = PBXFileReference; fileEncoding = 4; lastKnownFileType = sourcecode.c.objc; path = MainViewController.m; sourceTree = "<group>"; };
		302D95F014D2391D003F00A1 /* MainViewController.xib */ = {isa = PBXFileReference; fileEncoding = 4; lastKnownFileType = file.xib; path = MainViewController.xib; sourceTree = "<group>"; };
		3047A50F1AB8059700498E2A /* build-debug.xcconfig */ = {isa = PBXFileReference; fileEncoding = 4; lastKnownFileType = text.xcconfig; name = "build-debug.xcconfig"; path = "cordova/build-debug.xcconfig"; sourceTree = SOURCE_ROOT; };
		3047A5101AB8059700498E2A /* build-release.xcconfig */ = {isa = PBXFileReference; fileEncoding = 4; lastKnownFileType = text.xcconfig; name = "build-release.xcconfig"; path = "cordova/build-release.xcconfig"; sourceTree = SOURCE_ROOT; };
		3047A5111AB8059700498E2A /* build.xcconfig */ = {isa = PBXFileReference; fileEncoding = 4; lastKnownFileType = text.xcconfig; name = build.xcconfig; path = cordova/build.xcconfig; sourceTree = SOURCE_ROOT; };
		32CA4F630368D1EE00C91783 /* conFusion-Prefix.pch */ = {isa = PBXFileReference; fileEncoding = 4; lastKnownFileType = sourcecode.c.h; path = "conFusion-Prefix.pch"; sourceTree = "<group>"; };
		334B7F751E384E2F86D54F23 /* APPLocalNotificationOptions.m */ = {isa = PBXFileReference; explicitFileType = undefined; fileEncoding = 4; includeInIndex = 0; lastKnownFileType = sourcecode.c.objc; name = APPLocalNotificationOptions.m; path = "de.appplant.cordova.plugin.local-notification/APPLocalNotificationOptions.m"; sourceTree = "<group>"; };
		36C8D25D84ED43C98E9191E7 /* ELCAlbumPickerController.m */ = {isa = PBXFileReference; explicitFileType = undefined; fileEncoding = 4; includeInIndex = 0; lastKnownFileType = sourcecode.c.objc; name = ELCAlbumPickerController.m; path = com.synconset.imagepicker/ELCAlbumPickerController.m; sourceTree = "<group>"; };
		36FF2E3F6EC4458FBCAF0319 /* CDVSplashScreen.h */ = {isa = PBXFileReference; explicitFileType = undefined; fileEncoding = 4; includeInIndex = 0; lastKnownFileType = sourcecode.c.h; name = CDVSplashScreen.h; path = "cordova-plugin-splashscreen/CDVSplashScreen.h"; sourceTree = "<group>"; };
		3C0E829DB88C4A4C896349B2 /* CDVExif.h */ = {isa = PBXFileReference; explicitFileType = undefined; fileEncoding = 4; includeInIndex = 0; lastKnownFileType = sourcecode.c.h; name = CDVExif.h; path = "cordova-plugin-camera/CDVExif.h"; sourceTree = "<group>"; };
		46D82474F9AD4104822B5C8C /* ELCAssetTablePicker.xib */ = {isa = PBXFileReference; explicitFileType = undefined; fileEncoding = 9; includeInIndex = 0; lastKnownFileType = file.xib; path = ELCAssetTablePicker.xib; sourceTree = "<group>"; };
		47B62085DECD42B1B582B693 /* ELCAssetSelectionDelegate.h */ = {isa = PBXFileReference; explicitFileType = undefined; fileEncoding = 4; includeInIndex = 0; lastKnownFileType = sourcecode.c.h; name = ELCAssetSelectionDelegate.h; path = com.synconset.imagepicker/ELCAssetSelectionDelegate.h; sourceTree = "<group>"; };
		480283C5AB65474CB6C2481C /* SOSPicker.m */ = {isa = PBXFileReference; explicitFileType = undefined; fileEncoding = 4; includeInIndex = 0; lastKnownFileType = sourcecode.c.objc; name = SOSPicker.m; path = com.synconset.imagepicker/SOSPicker.m; sourceTree = "<group>"; };
		4A3C3C7D363543CB9C83533E /* ImageIO.framework */ = {isa = PBXFileReference; explicitFileType = undefined; fileEncoding = 9; includeInIndex = 0; lastKnownFileType = wrapper.framework; name = ImageIO.framework; path = System/Library/Frameworks/ImageIO.framework; sourceTree = SDKROOT; };
		4CE74CB7CBC84EDEA6938800 /* Toast+UIView.m */ = {isa = PBXFileReference; explicitFileType = undefined; fileEncoding = 4; includeInIndex = 0; lastKnownFileType = sourcecode.c.objc; name = "Toast+UIView.m"; path = "cordova-plugin-x-toast/Toast+UIView.m"; sourceTree = "<group>"; };
		5893F514B1334555A923FBCB /* CDVViewController+SplashScreen.m */ = {isa = PBXFileReference; explicitFileType = undefined; fileEncoding = 4; includeInIndex = 0; lastKnownFileType = sourcecode.c.objc; name = "CDVViewController+SplashScreen.m"; path = "cordova-plugin-splashscreen/CDVViewController+SplashScreen.m"; sourceTree = "<group>"; };
		6352E81895A14D7BBC6BC3FB /* CDVVibration.h */ = {isa = PBXFileReference; explicitFileType = undefined; fileEncoding = 4; includeInIndex = 0; lastKnownFileType = sourcecode.c.h; name = CDVVibration.h; path = "cordova-plugin-vibration/CDVVibration.h"; sourceTree = "<group>"; };
		63C94CF5591243CB9130D359 /* ELCAssetCell.m */ = {isa = PBXFileReference; explicitFileType = undefined; fileEncoding = 4; includeInIndex = 0; lastKnownFileType = sourcecode.c.objc; name = ELCAssetCell.m; path = com.synconset.imagepicker/ELCAssetCell.m; sourceTree = "<group>"; };
		667058C4F0A0458F8B95AC29 /* CDVJpegHeaderWriter.m */ = {isa = PBXFileReference; explicitFileType = undefined; fileEncoding = 4; includeInIndex = 0; lastKnownFileType = sourcecode.c.objc; name = CDVJpegHeaderWriter.m; path = "cordova-plugin-camera/CDVJpegHeaderWriter.m"; sourceTree = "<group>"; };
		7724CB561CDE45ACB061092E /* ELCAsset.h */ = {isa = PBXFileReference; explicitFileType = undefined; fileEncoding = 4; includeInIndex = 0; lastKnownFileType = sourcecode.c.h; name = ELCAsset.h; path = com.synconset.imagepicker/ELCAsset.h; sourceTree = "<group>"; };
		7C700D4795FA49A995C07801 /* ELCAssetPicker.xib */ = {isa = PBXFileReference; explicitFileType = undefined; fileEncoding = 9; includeInIndex = 0; lastKnownFileType = file.xib; path = ELCAssetPicker.xib; sourceTree = "<group>"; };
		7D1BB4E62EAC4349AF5637B6 /* ELCAlbumPickerController.h */ = {isa = PBXFileReference; explicitFileType = undefined; fileEncoding = 4; includeInIndex = 0; lastKnownFileType = sourcecode.c.h; name = ELCAlbumPickerController.h; path = com.synconset.imagepicker/ELCAlbumPickerController.h; sourceTree = "<group>"; };
		7E58F24A80FA47D88ADE069C /* UILocalNotification+APPLocalNotification.m */ = {isa = PBXFileReference; explicitFileType = undefined; fileEncoding = 4; includeInIndex = 0; lastKnownFileType = sourcecode.c.objc; name = "UILocalNotification+APPLocalNotification.m"; path = "de.appplant.cordova.plugin.local-notification/UILocalNotification+APPLocalNotification.m"; sourceTree = "<group>"; };
		7EBE3538D32E490D93DE6551 /* UIImage+CropScaleOrientation.h */ = {isa = PBXFileReference; explicitFileType = undefined; fileEncoding = 4; includeInIndex = 0; lastKnownFileType = sourcecode.c.h; name = "UIImage+CropScaleOrientation.h"; path = "cordova-plugin-camera/UIImage+CropScaleOrientation.h"; sourceTree = "<group>"; };
		7F7CE1CF6DD744C5812779A1 /* CoreLocation.framework */ = {isa = PBXFileReference; explicitFileType = undefined; fileEncoding = 9; includeInIndex = 0; lastKnownFileType = wrapper.framework; name = CoreLocation.framework; path = System/Library/Frameworks/CoreLocation.framework; sourceTree = SDKROOT; };
		7F98C270CC73413E8207B5F2 /* AppDelegate+APPAppEvent.m */ = {isa = PBXFileReference; explicitFileType = undefined; fileEncoding = 4; includeInIndex = 0; lastKnownFileType = sourcecode.c.objc; name = "AppDelegate+APPAppEvent.m"; path = "cordova-plugin-app-event/AppDelegate+APPAppEvent.m"; sourceTree = "<group>"; };
		80D8E6CB4CAA49399EE1CD85 /* Toast+UIView.h */ = {isa = PBXFileReference; explicitFileType = undefined; fileEncoding = 4; includeInIndex = 0; lastKnownFileType = sourcecode.c.h; name = "Toast+UIView.h"; path = "cordova-plugin-x-toast/Toast+UIView.h"; sourceTree = "<group>"; };
		8499E793096B439D9C8046A1 /* AppDelegate+APPAppEvent.h */ = {isa = PBXFileReference; explicitFileType = undefined; fileEncoding = 4; includeInIndex = 0; lastKnownFileType = sourcecode.c.h; name = "AppDelegate+APPAppEvent.h"; path = "cordova-plugin-app-event/AppDelegate+APPAppEvent.h"; sourceTree = "<group>"; };
		87F791E86F1D48FCB0A2FAD5 /* CDVDevice.m */ = {isa = PBXFileReference; explicitFileType = undefined; fileEncoding = 4; includeInIndex = 0; lastKnownFileType = sourcecode.c.objc; name = CDVDevice.m; path = "cordova-plugin-device/CDVDevice.m"; sourceTree = "<group>"; };
		89FDE27F17004B5CBD069990 /* ELCImagePickerController.m */ = {isa = PBXFileReference; explicitFileType = undefined; fileEncoding = 4; includeInIndex = 0; lastKnownFileType = sourcecode.c.objc; name = ELCImagePickerController.m; path = com.synconset.imagepicker/ELCImagePickerController.m; sourceTree = "<group>"; };
		8A1BAEAFD63C445CBBBA6AA3 /* UIApplication+APPLocalNotification.m */ = {isa = PBXFileReference; explicitFileType = undefined; fileEncoding = 4; includeInIndex = 0; lastKnownFileType = sourcecode.c.objc; name = "UIApplication+APPLocalNotification.m"; path = "de.appplant.cordova.plugin.local-notification/UIApplication+APPLocalNotification.m"; sourceTree = "<group>"; };
		8D1107310486CEB800E47090 /* conFusion-Info.plist */ = {isa = PBXFileReference; fileEncoding = 4; lastKnownFileType = text.plist.xml; name = "conFusion-Info.plist"; path = "conFusion/conFusion-Info.plist"; plistStructureDefinitionIdentifier = "com.apple.xcode.plist.structure-definition.iphone.info-plist"; sourceTree = SOURCE_ROOT; };
		8F9E3E046BB7453393BF18BA /* CDVJpegHeaderWriter.h */ = {isa = PBXFileReference; explicitFileType = undefined; fileEncoding = 4; includeInIndex = 0; lastKnownFileType = sourcecode.c.h; name = CDVJpegHeaderWriter.h; path = "cordova-plugin-camera/CDVJpegHeaderWriter.h"; sourceTree = "<group>"; };
		928D0933073D47509958D4AC /* APPLocalNotification.m */ = {isa = PBXFileReference; explicitFileType = undefined; fileEncoding = 4; includeInIndex = 0; lastKnownFileType = sourcecode.c.objc; name = APPLocalNotification.m; path = "de.appplant.cordova.plugin.local-notification/APPLocalNotification.m"; sourceTree = "<group>"; };
		A0D419AD6615418D94504B6E /* UIApplication+APPLocalNotification.h */ = {isa = PBXFileReference; explicitFileType = undefined; fileEncoding = 4; includeInIndex = 0; lastKnownFileType = sourcecode.c.h; name = "UIApplication+APPLocalNotification.h"; path = "de.appplant.cordova.plugin.local-notification/UIApplication+APPLocalNotification.h"; sourceTree = "<group>"; };
		A4A85FD9E044415B863A3BD0 /* UILocalNotification+APPLocalNotification.h */ = {isa = PBXFileReference; explicitFileType = undefined; fileEncoding = 4; includeInIndex = 0; lastKnownFileType = sourcecode.c.h; name = "UILocalNotification+APPLocalNotification.h"; path = "de.appplant.cordova.plugin.local-notification/UILocalNotification+APPLocalNotification.h"; sourceTree = "<group>"; };
		A8A9D8C7ED4949C396156A4B /* CDVVibration.m */ = {isa = PBXFileReference; explicitFileType = undefined; fileEncoding = 4; includeInIndex = 0; lastKnownFileType = sourcecode.c.objc; name = CDVVibration.m; path = "cordova-plugin-vibration/CDVVibration.m"; sourceTree = "<group>"; };
		AA5C84DEAEA74613BA1B083C /* ELCAssetCell.h */ = {isa = PBXFileReference; explicitFileType = undefined; fileEncoding = 4; includeInIndex = 0; lastKnownFileType = sourcecode.c.h; name = ELCAssetCell.h; path = com.synconset.imagepicker/ELCAssetCell.h; sourceTree = "<group>"; };
		AF019E9CEC6E41A984A1E7B0 /* APPLocalNotificationOptions.h */ = {isa = PBXFileReference; explicitFileType = undefined; fileEncoding = 4; includeInIndex = 0; lastKnownFileType = sourcecode.c.h; name = APPLocalNotificationOptions.h; path = "de.appplant.cordova.plugin.local-notification/APPLocalNotificationOptions.h"; sourceTree = "<group>"; };
		B01EBC5A94244DD8AF165B2A /* CDVPlugin+APPAppEvent.h */ = {isa = PBXFileReference; explicitFileType = undefined; fileEncoding = 4; includeInIndex = 0; lastKnownFileType = sourcecode.c.h; name = "CDVPlugin+APPAppEvent.h"; path = "cordova-plugin-app-event/CDVPlugin+APPAppEvent.h"; sourceTree = "<group>"; };
		B090C28F0CC74D90987C3879 /* UIImage+CropScaleOrientation.m */ = {isa = PBXFileReference; explicitFileType = undefined; fileEncoding = 4; includeInIndex = 0; lastKnownFileType = sourcecode.c.objc; name = "UIImage+CropScaleOrientation.m"; path = "cordova-plugin-camera/UIImage+CropScaleOrientation.m"; sourceTree = "<group>"; };
		B26AF21FD06A4A92AB7928F2 /* CDVViewController+SplashScreen.h */ = {isa = PBXFileReference; explicitFileType = undefined; fileEncoding = 4; includeInIndex = 0; lastKnownFileType = sourcecode.c.h; name = "CDVViewController+SplashScreen.h"; path = "cordova-plugin-splashscreen/CDVViewController+SplashScreen.h"; sourceTree = "<group>"; };
		B5C73F4A37F3415C862AFAD1 /* CDVDevice.h */ = {isa = PBXFileReference; explicitFileType = undefined; fileEncoding = 4; includeInIndex = 0; lastKnownFileType = sourcecode.c.h; name = CDVDevice.h; path = "cordova-plugin-device/CDVDevice.h"; sourceTree = "<group>"; };
		BCCE250039574CA98FC1F489 /* CDVCamera.m */ = {isa = PBXFileReference; explicitFileType = undefined; fileEncoding = 4; includeInIndex = 0; lastKnownFileType = sourcecode.c.objc; name = CDVCamera.m; path = "cordova-plugin-camera/CDVCamera.m"; sourceTree = "<group>"; };
		BFEF54C052F045B2B704F79A /* AudioToolbox.framework */ = {isa = PBXFileReference; explicitFileType = undefined; fileEncoding = 9; includeInIndex = 0; lastKnownFileType = wrapper.framework; name = AudioToolbox.framework; path = System/Library/Frameworks/AudioToolbox.framework; sourceTree = SDKROOT; };
		C9714A197A1341ECB92E8F1C /* ELCAsset.m */ = {isa = PBXFileReference; explicitFileType = undefined; fileEncoding = 4; includeInIndex = 0; lastKnownFileType = sourcecode.c.objc; name = ELCAsset.m; path = com.synconset.imagepicker/ELCAsset.m; sourceTree = "<group>"; };
		CEA97E9F9D2742BC8242E808 /* SOSPicker.h */ = {isa = PBXFileReference; explicitFileType = undefined; fileEncoding = 4; includeInIndex = 0; lastKnownFileType = sourcecode.c.h; name = SOSPicker.h; path = com.synconset.imagepicker/SOSPicker.h; sourceTree = "<group>"; };
		D1124586104E48D68F73D0CA /* AVFoundation.framework */ = {isa = PBXFileReference; explicitFileType = undefined; fileEncoding = 9; includeInIndex = 0; lastKnownFileType = wrapper.framework; name = AVFoundation.framework; path = System/Library/Frameworks/AVFoundation.framework; sourceTree = SDKROOT; };
		E177299B94C5464D9DB3D252 /* Overlay@2x.png */ = {isa = PBXFileReference; explicitFileType = undefined; fileEncoding = 9; includeInIndex = 0; lastKnownFileType = unknown; path = "Overlay@2x.png"; sourceTree = "<group>"; };
		E79A40184C344F6DB0B089DC /* Toast.h */ = {isa = PBXFileReference; explicitFileType = undefined; fileEncoding = 4; includeInIndex = 0; lastKnownFileType = sourcecode.c.h; name = Toast.h; path = "cordova-plugin-x-toast/Toast.h"; sourceTree = "<group>"; };
		EB87FDF31871DA8E0020F90C /* www */ = {isa = PBXFileReference; lastKnownFileType = folder; name = www; path = ../../www; sourceTree = "<group>"; };
		EB87FDF41871DAF40020F90C /* config.xml */ = {isa = PBXFileReference; lastKnownFileType = text.xml; name = config.xml; path = ../../config.xml; sourceTree = "<group>"; };
		ED33DF2A687741AEAF9F8254 /* Bridging-Header.h */ = {isa = PBXFileReference; fileEncoding = 4; lastKnownFileType = sourcecode.c.h; path = "Bridging-Header.h"; sourceTree = "<group>"; };
		EF732908F0A74524AA164D9A /* Overlay.png */ = {isa = PBXFileReference; explicitFileType = undefined; fileEncoding = 9; includeInIndex = 0; lastKnownFileType = unknown; path = Overlay.png; sourceTree = "<group>"; };
		F8168CFB0A1F4845B5E697F0 /* CDVPlugin+APPAppEvent.m */ = {isa = PBXFileReference; explicitFileType = undefined; fileEncoding = 4; includeInIndex = 0; lastKnownFileType = sourcecode.c.objc; name = "CDVPlugin+APPAppEvent.m"; path = "cordova-plugin-app-event/CDVPlugin+APPAppEvent.m"; sourceTree = "<group>"; };
		F840E1F0165FE0F500CFE078 /* config.xml */ = {isa = PBXFileReference; lastKnownFileType = text.xml; name = config.xml; path = conFusion/config.xml; sourceTree = "<group>"; };
		FA855B69D95643A3A6821426 /* APPAppEventDelegate.h */ = {isa = PBXFileReference; explicitFileType = undefined; fileEncoding = 4; includeInIndex = 0; lastKnownFileType = sourcecode.c.h; name = APPAppEventDelegate.h; path = "cordova-plugin-app-event/APPAppEventDelegate.h"; sourceTree = "<group>"; };
		FD82747CFFD34A2EBA894272 /* ELCAlbumPickerController.xib */ = {isa = PBXFileReference; explicitFileType = undefined; fileEncoding = 9; includeInIndex = 0; lastKnownFileType = file.xib; path = ELCAlbumPickerController.xib; sourceTree = "<group>"; };
/* End PBXFileReference section */

/* Begin PBXFrameworksBuildPhase section */
		1D60588F0D05DD3D006BFB54 /* Frameworks */ = {
			isa = PBXFrameworksBuildPhase;
			buildActionMask = 2147483647;
			files = (
				301BF552109A68D80062928A /* libCordova.a in Frameworks */,
				B7C18C50F8D24B5FA8952321 /* ImageIO.framework in Frameworks */,
				8DFADC5F73294624ADA126EF /* CoreLocation.framework in Frameworks */,
				7331134B8EB64AD4ACE32FE6 /* AVFoundation.framework in Frameworks */,
				B6A4931044FF4D0B976D48B0 /* AudioToolbox.framework in Frameworks */,
				C5C3A5864C354873934003D2 /* QuartzCore.framework in Frameworks */,
			);
			runOnlyForDeploymentPostprocessing = 0;
		};
/* End PBXFrameworksBuildPhase section */

/* Begin PBXGroup section */
		080E96DDFE201D6D7F000001 /* Classes */ = {
			isa = PBXGroup;
			children = (
				302D95EE14D2391D003F00A1 /* MainViewController.h */,
				302D95EF14D2391D003F00A1 /* MainViewController.m */,
				302D95F014D2391D003F00A1 /* MainViewController.xib */,
				1D3623240D0F684500981E51 /* AppDelegate.h */,
				1D3623250D0F684500981E51 /* AppDelegate.m */,
			);
			name = Classes;
			path = conFusion/Classes;
			sourceTree = SOURCE_ROOT;
		};
		19C28FACFE9D520D11CA2CBB /* Products */ = {
			isa = PBXGroup;
			children = (
				1D6058910D05DD3D006BFB54 /* conFusion.app */,
			);
			name = Products;
			sourceTree = "<group>";
		};
		29B97314FDCFA39411CA2CEA /* CustomTemplate */ = {
			isa = PBXGroup;
			children = (
				EB87FDF41871DAF40020F90C /* config.xml */,
				EB87FDF31871DA8E0020F90C /* www */,
				EB87FDF11871DA420020F90C /* Staging */,
				301BF52D109A57CC0062928A /* CordovaLib.xcodeproj */,
				080E96DDFE201D6D7F000001 /* Classes */,
				307C750510C5A3420062BCA9 /* Plugins */,
				29B97315FDCFA39411CA2CEA /* Other Sources */,
				29B97317FDCFA39411CA2CEA /* Resources */,
				29B97323FDCFA39411CA2CEA /* Frameworks */,
				19C28FACFE9D520D11CA2CBB /* Products */,
			);
			name = CustomTemplate;
			sourceTree = "<group>";
		};
		29B97315FDCFA39411CA2CEA /* Other Sources */ = {
			isa = PBXGroup;
			children = (
				32CA4F630368D1EE00C91783 /* conFusion-Prefix.pch */,
				29B97316FDCFA39411CA2CEA /* main.m */,
				ED33DF2A687741AEAF9F8254 /* Bridging-Header.h */,
			);
			name = "Other Sources";
			path = conFusion;
			sourceTree = "<group>";
		};
		29B97317FDCFA39411CA2CEA /* Resources */ = {
			isa = PBXGroup;
			children = (
				0207DA571B56EA530066E2B4 /* Images.xcassets */,
				3047A50E1AB8057F00498E2A /* config */,
				8D1107310486CEB800E47090 /* conFusion-Info.plist */,
				FD82747CFFD34A2EBA894272 /* ELCAlbumPickerController.xib */,
				7C700D4795FA49A995C07801 /* ELCAssetPicker.xib */,
				46D82474F9AD4104822B5C8C /* ELCAssetTablePicker.xib */,
				EF732908F0A74524AA164D9A /* Overlay.png */,
				E177299B94C5464D9DB3D252 /* Overlay@2x.png */,
			);
			name = Resources;
			path = conFusion/Resources;
			sourceTree = "<group>";
		};
		29B97323FDCFA39411CA2CEA /* Frameworks */ = {
			isa = PBXGroup;
			children = (
				4A3C3C7D363543CB9C83533E /* ImageIO.framework */,
				7F7CE1CF6DD744C5812779A1 /* CoreLocation.framework */,
				D1124586104E48D68F73D0CA /* AVFoundation.framework */,
				BFEF54C052F045B2B704F79A /* AudioToolbox.framework */,
				0283D800588142948FEB5061 /* QuartzCore.framework */,
			);
			name = Frameworks;
			sourceTree = "<group>";
		};
		301BF52E109A57CC0062928A /* Products */ = {
			isa = PBXGroup;
			children = (
				301BF535109A57CC0062928A /* libCordova.a */,
			);
			name = Products;
			sourceTree = "<group>";
		};
		3047A50E1AB8057F00498E2A /* config */ = {
			isa = PBXGroup;
			children = (
				3047A50F1AB8059700498E2A /* build-debug.xcconfig */,
				3047A5101AB8059700498E2A /* build-release.xcconfig */,
				3047A5111AB8059700498E2A /* build.xcconfig */,
			);
			name = config;
			sourceTree = "<group>";
		};
		307C750510C5A3420062BCA9 /* Plugins */ = {
			isa = PBXGroup;
			children = (
				480283C5AB65474CB6C2481C /* SOSPicker.m */,
				36C8D25D84ED43C98E9191E7 /* ELCAlbumPickerController.m */,
				C9714A197A1341ECB92E8F1C /* ELCAsset.m */,
				63C94CF5591243CB9130D359 /* ELCAssetCell.m */,
				1D5C3AD4D0924DAC872A4C16 /* ELCAssetTablePicker.m */,
				89FDE27F17004B5CBD069990 /* ELCImagePickerController.m */,
				CEA97E9F9D2742BC8242E808 /* SOSPicker.h */,
				7D1BB4E62EAC4349AF5637B6 /* ELCAlbumPickerController.h */,
				7724CB561CDE45ACB061092E /* ELCAsset.h */,
				AA5C84DEAEA74613BA1B083C /* ELCAssetCell.h */,
				048D06DDB037455BAD6826FD /* ELCAssetPickerFilterDelegate.h */,
				47B62085DECD42B1B582B693 /* ELCAssetSelectionDelegate.h */,
				038D67A3D01D463993AD38C1 /* ELCAssetTablePicker.h */,
				064CB97E39B34D4DA9E08BF9 /* ELCImagePickerController.h */,
				7F98C270CC73413E8207B5F2 /* AppDelegate+APPAppEvent.m */,
				F8168CFB0A1F4845B5E697F0 /* CDVPlugin+APPAppEvent.m */,
				8499E793096B439D9C8046A1 /* AppDelegate+APPAppEvent.h */,
				B01EBC5A94244DD8AF165B2A /* CDVPlugin+APPAppEvent.h */,
				FA855B69D95643A3A6821426 /* APPAppEventDelegate.h */,
				B090C28F0CC74D90987C3879 /* UIImage+CropScaleOrientation.m */,
				BCCE250039574CA98FC1F489 /* CDVCamera.m */,
				667058C4F0A0458F8B95AC29 /* CDVJpegHeaderWriter.m */,
				7EBE3538D32E490D93DE6551 /* UIImage+CropScaleOrientation.h */,
				18D46CA0B20342D0B977A123 /* CDVCamera.h */,
				8F9E3E046BB7453393BF18BA /* CDVJpegHeaderWriter.h */,
				3C0E829DB88C4A4C896349B2 /* CDVExif.h */,
				87F791E86F1D48FCB0A2FAD5 /* CDVDevice.m */,
				B5C73F4A37F3415C862AFAD1 /* CDVDevice.h */,
				22E6689BDCAD443D8C96FE42 /* CDVSplashScreen.m */,
				5893F514B1334555A923FBCB /* CDVViewController+SplashScreen.m */,
				36FF2E3F6EC4458FBCAF0319 /* CDVSplashScreen.h */,
				B26AF21FD06A4A92AB7928F2 /* CDVViewController+SplashScreen.h */,
				A8A9D8C7ED4949C396156A4B /* CDVVibration.m */,
				6352E81895A14D7BBC6BC3FB /* CDVVibration.h */,
				4CE74CB7CBC84EDEA6938800 /* Toast+UIView.m */,
				0DF4223ADD8D4188B4EC310D /* Toast.m */,
				80D8E6CB4CAA49399EE1CD85 /* Toast+UIView.h */,
				E79A40184C344F6DB0B089DC /* Toast.h */,
				928D0933073D47509958D4AC /* APPLocalNotification.m */,
				334B7F751E384E2F86D54F23 /* APPLocalNotificationOptions.m */,
				8A1BAEAFD63C445CBBBA6AA3 /* UIApplication+APPLocalNotification.m */,
				7E58F24A80FA47D88ADE069C /* UILocalNotification+APPLocalNotification.m */,
				217C73AB85FF414684F350DD /* APPLocalNotification.h */,
				AF019E9CEC6E41A984A1E7B0 /* APPLocalNotificationOptions.h */,
				A0D419AD6615418D94504B6E /* UIApplication+APPLocalNotification.h */,
				A4A85FD9E044415B863A3BD0 /* UILocalNotification+APPLocalNotification.h */,
			);
			name = Plugins;
			path = conFusion/Plugins;
			sourceTree = SOURCE_ROOT;
		};
		EB87FDF11871DA420020F90C /* Staging */ = {
			isa = PBXGroup;
			children = (
				F840E1F0165FE0F500CFE078 /* config.xml */,
				301BF56E109A69640062928A /* www */,
			);
			name = Staging;
			sourceTree = "<group>";
		};
/* End PBXGroup section */

/* Begin PBXNativeTarget section */
		1D6058900D05DD3D006BFB54 /* conFusion */ = {
			isa = PBXNativeTarget;
			buildConfigurationList = 1D6058960D05DD3E006BFB54 /* Build configuration list for PBXNativeTarget "conFusion" */;
			buildPhases = (
				304B58A110DAC018002A0835 /* Copy www directory */,
				1D60588D0D05DD3D006BFB54 /* Resources */,
				1D60588E0D05DD3D006BFB54 /* Sources */,
				1D60588F0D05DD3D006BFB54 /* Frameworks */,
			);
			buildRules = (
			);
			dependencies = (
				301BF551109A68C00062928A /* PBXTargetDependency */,
			);
			name = conFusion;
			productName = conFusion;
			productReference = 1D6058910D05DD3D006BFB54 /* conFusion.app */;
			productType = "com.apple.product-type.application";
		};
/* End PBXNativeTarget section */

/* Begin PBXProject section */
		29B97313FDCFA39411CA2CEA /* Project object */ = {
			isa = PBXProject;
			attributes = {
				LastUpgradeCheck = 0730;
				TargetAttributes = {
					1D6058900D05DD3D006BFB54 = {
						DevelopmentTeam = WZDQJHV26Z;
					};
				};
			};
			buildConfigurationList = C01FCF4E08A954540054247B /* Build configuration list for PBXProject "conFusion" */;
			compatibilityVersion = "Xcode 3.2";
			developmentRegion = English;
			hasScannedForEncodings = 1;
			knownRegions = (
				en,
			);
			mainGroup = 29B97314FDCFA39411CA2CEA /* CustomTemplate */;
			projectDirPath = "";
			projectReferences = (
				{
					ProductGroup = 301BF52E109A57CC0062928A /* Products */;
					ProjectRef = 301BF52D109A57CC0062928A /* CordovaLib.xcodeproj */;
				},
			);
			projectRoot = "";
			targets = (
				1D6058900D05DD3D006BFB54 /* conFusion */,
			);
		};
/* End PBXProject section */

/* Begin PBXReferenceProxy section */
		301BF535109A57CC0062928A /* libCordova.a */ = {
			isa = PBXReferenceProxy;
			fileType = archive.ar;
			path = libCordova.a;
			remoteRef = 301BF534109A57CC0062928A /* PBXContainerItemProxy */;
			sourceTree = BUILT_PRODUCTS_DIR;
		};
/* End PBXReferenceProxy section */

/* Begin PBXResourcesBuildPhase section */
		1D60588D0D05DD3D006BFB54 /* Resources */ = {
			isa = PBXResourcesBuildPhase;
			buildActionMask = 2147483647;
			files = (
				302D95F214D2391D003F00A1 /* MainViewController.xib in Resources */,
				0207DA581B56EA530066E2B4 /* Images.xcassets in Resources */,
				000DFD94F3BE4895B3EBD1FF /* ELCAlbumPickerController.xib in Resources */,
				52D8A41EC7134E8D9FBA4D1F /* ELCAssetPicker.xib in Resources */,
				9C0DA4BFC0724B779CF67E22 /* ELCAssetTablePicker.xib in Resources */,
				33DA83C6D8914A3996B9F387 /* Overlay.png in Resources */,
				CC6080082B184853B64A4284 /* Overlay@2x.png in Resources */,
			);
			runOnlyForDeploymentPostprocessing = 0;
		};
/* End PBXResourcesBuildPhase section */

/* Begin PBXShellScriptBuildPhase section */
		304B58A110DAC018002A0835 /* Copy www directory */ = {
			isa = PBXShellScriptBuildPhase;
			buildActionMask = 2147483647;
			files = (
			);
			inputPaths = (
			);
			name = "Copy www directory";
			outputPaths = (
			);
			runOnlyForDeploymentPostprocessing = 0;
			shellPath = /bin/sh;
			shellScript = "NODEJS_PATH=/usr/local/bin; NVM_NODE_PATH=~/.nvm/versions/node/`nvm version 2>/dev/null`/bin; N_NODE_PATH=`find /usr/local/n/versions/node/* -maxdepth 0 -type d 2>/dev/null | tail -1`/bin; XCODE_NODE_PATH=`xcode-select --print-path`/usr/share/xcs/Node/bin; PATH=$NODEJS_PATH:$NVM_NODE_PATH:$N_NODE_PATH:$XCODE_NODE_PATH:$PATH && node cordova/lib/copy-www-build-step.js";
			showEnvVarsInLog = 0;
		};
/* End PBXShellScriptBuildPhase section */

/* Begin PBXSourcesBuildPhase section */
		1D60588E0D05DD3D006BFB54 /* Sources */ = {
			isa = PBXSourcesBuildPhase;
			buildActionMask = 2147483647;
			files = (
				1D60589B0D05DD56006BFB54 /* main.m in Sources */,
				1D3623260D0F684500981E51 /* AppDelegate.m in Sources */,
				302D95F114D2391D003F00A1 /* MainViewController.m in Sources */,
				082D14A7ABD349C0AF81B7BF /* SOSPicker.m in Sources */,
				022FE90CD6EA4B8DAE1D72F0 /* ELCAlbumPickerController.m in Sources */,
				2D20FF92102A4F5A8F1C0F28 /* ELCAsset.m in Sources */,
				990292BD48A943C4BB9DFDB8 /* ELCAssetCell.m in Sources */,
				A612EC20B71C48DFA4E53DE8 /* ELCAssetTablePicker.m in Sources */,
				CCE0DD00D2BE405181C41058 /* ELCImagePickerController.m in Sources */,
				CEB5D53D73E24B699B1B039C /* AppDelegate+APPAppEvent.m in Sources */,
				7356727E2CD24EBBA514D27A /* CDVPlugin+APPAppEvent.m in Sources */,
				FB450018108E4401A808B32D /* UIImage+CropScaleOrientation.m in Sources */,
				A28D8495A4754291BF18C618 /* CDVCamera.m in Sources */,
				876305085FB341A5B7F2966C /* CDVJpegHeaderWriter.m in Sources */,
				8F0394C3EBAA4CAEB464AF20 /* CDVDevice.m in Sources */,
				CAAC195E122D4A28AEE3D43A /* CDVSplashScreen.m in Sources */,
				C40E2D60174448C386D74570 /* CDVViewController+SplashScreen.m in Sources */,
				E7FC6E5B735F494688B036DD /* CDVVibration.m in Sources */,
				CC4DA812BF9F4BD09B13BA75 /* Toast+UIView.m in Sources */,
				5408F8336D5747089D98D750 /* Toast.m in Sources */,
				A73989C24FA9473FB90FD20B /* APPLocalNotification.m in Sources */,
				4D9F64010C7C4995B03F19F1 /* APPLocalNotificationOptions.m in Sources */,
				6BFF98A9F1EA48D39D131EF9 /* UIApplication+APPLocalNotification.m in Sources */,
				5F44F22C465F446AA8177DA2 /* UILocalNotification+APPLocalNotification.m in Sources */,
			);
			runOnlyForDeploymentPostprocessing = 0;
		};
/* End PBXSourcesBuildPhase section */

/* Begin PBXTargetDependency section */
		301BF551109A68C00062928A /* PBXTargetDependency */ = {
			isa = PBXTargetDependency;
			name = CordovaLib;
			targetProxy = 301BF550109A68C00062928A /* PBXContainerItemProxy */;
		};
/* End PBXTargetDependency section */

/* Begin XCBuildConfiguration section */
		1D6058940D05DD3E006BFB54 /* Debug */ = {
			isa = XCBuildConfiguration;
			baseConfigurationReference = 3047A50F1AB8059700498E2A /* build-debug.xcconfig */;
			buildSettings = {
				ALWAYS_SEARCH_USER_PATHS = NO;
				ASSETCATALOG_COMPILER_APPICON_NAME = AppIcon;
				ASSETCATALOG_COMPILER_LAUNCHIMAGE_NAME = LaunchImage;
				CLANG_ENABLE_MODULES = YES;
				CLANG_ENABLE_OBJC_ARC = YES;
				CODE_SIGN_IDENTITY = "iPhone Developer";
				"CODE_SIGN_IDENTITY[sdk=iphoneos*]" = "iPhone Developer";
				COPY_PHASE_STRIP = NO;
				GCC_DYNAMIC_NO_PIC = NO;
				GCC_OPTIMIZATION_LEVEL = 0;
				GCC_PRECOMPILE_PREFIX_HEADER = YES;
				GCC_PREFIX_HEADER = "conFusion/conFusion-Prefix.pch";
				GCC_THUMB_SUPPORT = NO;
				GCC_VERSION = "";
				INFOPLIST_FILE = "conFusion/conFusion-Info.plist";
				IPHONEOS_DEPLOYMENT_TARGET = 9.3;
				LD_RUNPATH_SEARCH_PATHS = "@executable_path/Frameworks";
				PRODUCT_BUNDLE_IDENTIFIER = com.ionicframework.confusion642554;
				PRODUCT_NAME = conFusion;
				PROVISIONING_PROFILE = "";
				TARGETED_DEVICE_FAMILY = 1;
			};
			name = Debug;
		};
		1D6058950D05DD3E006BFB54 /* Release */ = {
			isa = XCBuildConfiguration;
			baseConfigurationReference = 3047A5101AB8059700498E2A /* build-release.xcconfig */;
			buildSettings = {
				ALWAYS_SEARCH_USER_PATHS = NO;
				ASSETCATALOG_COMPILER_APPICON_NAME = AppIcon;
				ASSETCATALOG_COMPILER_LAUNCHIMAGE_NAME = LaunchImage;
				CLANG_ENABLE_MODULES = YES;
				CLANG_ENABLE_OBJC_ARC = YES;
				CODE_SIGN_IDENTITY = "iPhone Developer";
				"CODE_SIGN_IDENTITY[sdk=iphoneos*]" = "iPhone Developer";
				COPY_PHASE_STRIP = YES;
				GCC_PRECOMPILE_PREFIX_HEADER = YES;
				GCC_PREFIX_HEADER = "conFusion/conFusion-Prefix.pch";
				GCC_THUMB_SUPPORT = NO;
				GCC_VERSION = "";
				INFOPLIST_FILE = "conFusion/conFusion-Info.plist";
				IPHONEOS_DEPLOYMENT_TARGET = 9.3;
				PRODUCT_BUNDLE_IDENTIFIER = com.ionicframework.confusion642554;
				PRODUCT_NAME = conFusion;
				PROVISIONING_PROFILE = "";
				TARGETED_DEVICE_FAMILY = 1;
			};
			name = Release;
		};
		C01FCF4F08A954540054247B /* Debug */ = {
			isa = XCBuildConfiguration;
			baseConfigurationReference = 3047A5111AB8059700498E2A /* build.xcconfig */;
			buildSettings = {
				CLANG_ENABLE_MODULES = YES;
				CLANG_ENABLE_OBJC_ARC = YES;
				CLANG_WARN_BOOL_CONVERSION = YES;
				CLANG_WARN_CONSTANT_CONVERSION = YES;
				CLANG_WARN_EMPTY_BODY = YES;
				CLANG_WARN_ENUM_CONVERSION = YES;
				CLANG_WARN_INT_CONVERSION = YES;
				CLANG_WARN__DUPLICATE_METHOD_MATCH = YES;
				ENABLE_TESTABILITY = YES;
				GCC_C_LANGUAGE_STANDARD = c99;
				GCC_THUMB_SUPPORT = NO;
				GCC_VERSION = "";
				GCC_WARN_ABOUT_RETURN_TYPE = YES;
				GCC_WARN_UNDECLARED_SELECTOR = YES;
				GCC_WARN_UNINITIALIZED_AUTOS = YES;
				GCC_WARN_UNUSED_FUNCTION = YES;
				GCC_WARN_UNUSED_VARIABLE = YES;
				IPHONEOS_DEPLOYMENT_TARGET = 8.0;
				ONLY_ACTIVE_ARCH = YES;
				SDKROOT = iphoneos;
				SKIP_INSTALL = NO;
				TARGETED_DEVICE_FAMILY = 1;
			};
			name = Debug;
		};
		C01FCF5008A954540054247B /* Release */ = {
			isa = XCBuildConfiguration;
			baseConfigurationReference = 3047A5111AB8059700498E2A /* build.xcconfig */;
			buildSettings = {
				CLANG_ENABLE_MODULES = YES;
				CLANG_ENABLE_OBJC_ARC = YES;
				CLANG_WARN_BOOL_CONVERSION = YES;
				CLANG_WARN_CONSTANT_CONVERSION = YES;
				CLANG_WARN_EMPTY_BODY = YES;
				CLANG_WARN_ENUM_CONVERSION = YES;
				CLANG_WARN_INT_CONVERSION = YES;
				CLANG_WARN__DUPLICATE_METHOD_MATCH = YES;
				ENABLE_TESTABILITY = YES;
				GCC_C_LANGUAGE_STANDARD = c99;
				GCC_THUMB_SUPPORT = NO;
				GCC_VERSION = "";
				GCC_WARN_ABOUT_RETURN_TYPE = YES;
				GCC_WARN_UNDECLARED_SELECTOR = YES;
				GCC_WARN_UNINITIALIZED_AUTOS = YES;
				GCC_WARN_UNUSED_FUNCTION = YES;
				GCC_WARN_UNUSED_VARIABLE = YES;
				IPHONEOS_DEPLOYMENT_TARGET = 8.0;
				SDKROOT = iphoneos;
				SKIP_INSTALL = NO;
				TARGETED_DEVICE_FAMILY = 1;
			};
			name = Release;
		};
/* End XCBuildConfiguration section */

/* Begin XCConfigurationList section */
		1D6058960D05DD3E006BFB54 /* Build configuration list for PBXNativeTarget "conFusion" */ = {
			isa = XCConfigurationList;
			buildConfigurations = (
				1D6058940D05DD3E006BFB54 /* Debug */,
				1D6058950D05DD3E006BFB54 /* Release */,
			);
			defaultConfigurationIsVisible = 0;
			defaultConfigurationName = Release;
		};
		C01FCF4E08A954540054247B /* Build configuration list for PBXProject "conFusion" */ = {
			isa = XCConfigurationList;
			buildConfigurations = (
				C01FCF4F08A954540054247B /* Debug */,
				C01FCF5008A954540054247B /* Release */,
			);
			defaultConfigurationIsVisible = 0;
			defaultConfigurationName = Release;
		};
/* End XCConfigurationList section */
	};
	rootObject = 29B97313FDCFA39411CA2CEA /* Project object */;
}
